
Microsoft Visual Studio Solution File, Format Version 12.00
# Visual Studio Version 17
VisualStudioVersion = 17.2.32630.192
MinimumVisualStudioVersion = 10.0.40219.1
Project("{9A19103F-16F7-4668-BE54-9A1E7A4F7556}") = "CorporateBlog.WebApi", "src\CorporateBlog.WebApi\CorporateBlog.WebApi.csproj", "{94A36713-2180-4F31-BE28-C877C2FBA4CA}"
EndProject
Project("{9A19103F-16F7-4668-BE54-9A1E7A4F7556}") = "CorporateBlog.Infrastructure", "src\CorporateBlog.Infrastructure\CorporateBlog.Infrastructure.csproj", "{6D680124-D6B4-45C0-A706-15FFF27B464F}"
EndProject
Project("{9A19103F-16F7-4668-BE54-9A1E7A4F7556}") = "CorporateBlog.Models", "src\CorporateBlog.Models\CorporateBlog.Models.csproj", "{C6D2B9F1-1747-4DF4-866F-2221B1A350AB}"
EndProject
Project("{9A19103F-16F7-4668-BE54-9A1E7A4F7556}") = "CorporateBlog.Domain", "src\CorporateBlog.Domain\CorporateBlog.Domain.csproj", "{41498F67-6243-4560-8FC0-AF220C2032DC}"
EndProject
Project("{2150E333-8FDC-42A3-9474-1A3956D46DE8}") = "src", "src", "{BD81DB5B-07BB-4419-89C9-781A310EE655}"
EndProject
Project("{2150E333-8FDC-42A3-9474-1A3956D46DE8}") = "test", "test", "{E66C2AA7-7308-45CD-AE13-93607E9C5812}"
EndProject
Project("{2150E333-8FDC-42A3-9474-1A3956D46DE8}") = "Solution Items", "Solution Items", "{68D96E15-0C68-420D-BF7A-E47A6B6D1D2C}"
	ProjectSection(SolutionItems) = preProject
		.editorconfig = .editorconfig
	EndProjectSection
EndProject
Global
	GlobalSection(SolutionConfigurationPlatforms) = preSolution
		Debug|Any CPU = Debug|Any CPU
		Release|Any CPU = Release|Any CPU
	EndGlobalSection
	GlobalSection(ProjectConfigurationPlatforms) = postSolution
		{94A36713-2180-4F31-BE28-C877C2FBA4CA}.Debug|Any CPU.ActiveCfg = Debug|Any CPU
		{94A36713-2180-4F31-BE28-C877C2FBA4CA}.Debug|Any CPU.Build.0 = Debug|Any CPU
		{94A36713-2180-4F31-BE28-C877C2FBA4CA}.Release|Any CPU.ActiveCfg = Release|Any CPU
		{94A36713-2180-4F31-BE28-C877C2FBA4CA}.Release|Any CPU.Build.0 = Release|Any CPU
		{6D680124-D6B4-45C0-A706-15FFF27B464F}.Debug|Any CPU.ActiveCfg = Debug|Any CPU
		{6D680124-D6B4-45C0-A706-15FFF27B464F}.Debug|Any CPU.Build.0 = Debug|Any CPU
		{6D680124-D6B4-45C0-A706-15FFF27B464F}.Release|Any CPU.ActiveCfg = Release|Any CPU
		{6D680124-D6B4-45C0-A706-15FFF27B464F}.Release|Any CPU.Build.0 = Release|Any CPU
		{C6D2B9F1-1747-4DF4-866F-2221B1A350AB}.Debug|Any CPU.ActiveCfg = Debug|Any CPU
		{C6D2B9F1-1747-4DF4-866F-2221B1A350AB}.Debug|Any CPU.Build.0 = Debug|Any CPU
		{C6D2B9F1-1747-4DF4-866F-2221B1A350AB}.Release|Any CPU.ActiveCfg = Release|Any CPU
		{C6D2B9F1-1747-4DF4-866F-2221B1A350AB}.Release|Any CPU.Build.0 = Release|Any CPU
		{41498F67-6243-4560-8FC0-AF220C2032DC}.Debug|Any CPU.ActiveCfg = Debug|Any CPU
		{41498F67-6243-4560-8FC0-AF220C2032DC}.Debug|Any CPU.Build.0 = Debug|Any CPU
		{41498F67-6243-4560-8FC0-AF220C2032DC}.Release|Any CPU.ActiveCfg = Release|Any CPU
		{41498F67-6243-4560-8FC0-AF220C2032DC}.Release|Any CPU.Build.0 = Release|Any CPU
	EndGlobalSection
	GlobalSection(SolutionProperties) = preSolution
		HideSolutionNode = FALSE
	EndGlobalSection
	GlobalSection(NestedProjects) = preSolution
		{94A36713-2180-4F31-BE28-C877C2FBA4CA} = {BD81DB5B-07BB-4419-89C9-781A310EE655}
		{6D680124-D6B4-45C0-A706-15FFF27B464F} = {BD81DB5B-07BB-4419-89C9-781A310EE655}
		{C6D2B9F1-1747-4DF4-866F-2221B1A350AB} = {BD81DB5B-07BB-4419-89C9-781A310EE655}
		{41498F67-6243-4560-8FC0-AF220C2032DC} = {BD81DB5B-07BB-4419-89C9-781A310EE655}
	EndGlobalSection
	GlobalSection(ExtensibilityGlobals) = postSolution
		SolutionGuid = {D192F4F6-CD14-4E59-BCF3-54767B6AEB8C}
	EndGlobalSection
EndGlobal
